{
  "name": "demo-e2e-sdk-example",
  "lockfileVersion": 3,
  "requires": true,
  "packages": {
    "": {
      "name": "demo-e2e-sdk-example",
      "dependencies": {
        "@nrouter_ai/sdk": "file:../..",
        "dotenv": "^17.4.2"
      }
    },
    "../..": {
      "name": "@nrouter_ai/sdk",
      "version": "3.1.2",
      "license": "MIT",
      "dependencies": {
        "openai": "^7.8.0"
      },
      "devDependencies": {
        "typescript": "^5.4.0"
      },
      "engines": {
        "node": ">=22.18"
      }
    },
    "node_modules/@nrouter_ai/sdk": {
      "resolved": "../..",
      "link": true
    },
    "node_modules/dotenv": {
      "version": "17.4.2",
      "resolved": "https://registry.npmjs.org/dotenv/-/dotenv-17.4.2.tgz",
      "integrity": "sha512-nI4U3TottKAcAD9LLud4Cb7b2QztQMUEfHbvhTH09bqXTxnSie8WnjPALV/WMCrJZ6UV/qHJ6L03OqO3LcdYZw==",
      "license": "BSD-2-Clause",
      "engines": {
        "node": ">=12"
      },
      "funding": {
        "url": "https://dotenvx.com"
      }
    }
  }
}
